Microsoft Visual Studio Solution File, Format Version 8.00
Project("{FAE04EC0-301F-11D3-BF4B-00C04F79EFBC}") = "Palazzo", "Palazzo.csproj", "{3E1F40C5-2834-4409-9169-D0722B123653}"
	ProjectSection(ProjectDependencies) = postProject
	EndProjectSection
EndProject
Global
	GlobalSection(SolutionConfiguration) = preSolution
		Debug = Debug
		Release = Release
	EndGlobalSection
	GlobalSection(ProjectConfiguration) = postSolution
		{3E1F40C5-2834-4409-9169-D0722B123653}.Debug.ActiveCfg = Debug|.NET
		{3E1F40C5-2834-4409-9169-D0722B123653}.Debug.Build.0 = Debug|.NET
		{3E1F40C5-2834-4409-9169-D0722B123653}.Release.ActiveCfg = Release|.NET
		{3E1F40C5-2834-4409-9169-D0722B123653}.Release.Build.0 = Release|.NET
	EndGlobalSection
	GlobalSection(ExtensibilityGlobals) = postSolution
	EndGlobalSection
	GlobalSection(ExtensibilityAddIns) = postSolution
	EndGlobalSection
EndGlobal
